
Microsoft Visual Studio Solution File, Format Version 12.00
# Visual Studio Version 16
VisualStudioVersion = 16.0.31025.194
MinimumVisualStudioVersion = 10.0.40219.1
Project("{FAE04EC0-301F-11D3-BF4B-00C04F79EFBC}") = "Fabrikam Technical Training", "Fabrikam Technical Training\Fabrikam Technical Training.csproj", "{C1708CA4-1581-4A47-B3E4-6A1485E29F3B}"
EndProject
Global
	GlobalSection(SolutionConfigurationPlatforms) = preSolution
		Debug|Any CPU = Debug|Any CPU
		Release|Any CPU = Release|Any CPU
	EndGlobalSection
	GlobalSection(ProjectConfigurationPlatforms) = postSolution
		{C1708CA4-1581-4A47-B3E4-6A1485E29F3B}.Debug|Any CPU.ActiveCfg = Debug|Any CPU
		{C1708CA4-1581-4A47-B3E4-6A1485E29F3B}.Debug|Any CPU.Build.0 = Debug|Any CPU
		{C1708CA4-1581-4A47-B3E4-6A1485E29F3B}.Release|Any CPU.ActiveCfg = Release|Any CPU
		{C1708CA4-1581-4A47-B3E4-6A1485E29F3B}.Release|Any CPU.Build.0 = Release|Any CPU
	EndGlobalSection
	GlobalSection(SolutionProperties) = preSolution
		HideSolutionNode = FALSE
	EndGlobalSection
	GlobalSection(ExtensibilityGlobals) = postSolution
		SolutionGuid = {16C76587-E9E9-49ED-80E9-711AE6761F05}
	EndGlobalSection
EndGlobal
